// !$*UTF8*$!
{
	archiveVersion = 1;
	classes = {
	};
	objectVersion = 51;
	objects = {

/* Begin PBXBuildFile section */
		8B2773A32524BACF00EE09F7 /* AppDelegate.swift in Sources */ = {isa = PBXBuildFile; fileRef = 8B2773A22524BACF00EE09F7 /* AppDelegate.swift */; };
		8B2773A52524BACF00EE09F7 /* SceneDelegate.swift in Sources */ = {isa = PBXBuildFile; fileRef = 8B2773A42524BACF00EE09F7 /* SceneDelegate.swift */; };
		8B2773A72524BACF00EE09F7 /* ViewController.swift in Sources */ = {isa = PBXBuildFile; fileRef = 8B2773A62524BACF00EE09F7 /* ViewController.swift */; };
		8B2773AA2524BACF00EE09F7 /* Main.storyboard in Resources */ = {isa = PBXBuildFile; fileRef = 8B2773A82524BACF00EE09F7 /* Main.storyboard */; };
		8B2773AC2524BAD100EE09F7 /* Assets.xcassets in Resources */ = {isa = PBXBuildFile; fileRef = 8B2773AB2524BAD100EE09F7 /* Assets.xcassets */; };
		8B2773AF2524BAD100EE09F7 /* LaunchScreen.storyboard in Resources */ = {isa = PBXBuildFile; fileRef = 8B2773AD2524BAD100EE09F7 /* LaunchScreen.storyboard */; };
		8BA33C232524BF320015D112 /* UserRouter.swift in Sources */ = {isa = PBXBuildFile; fileRef = 8BA33C222524BF320015D112 /* UserRouter.swift */; };
		8BB8DC492524C5F2000141B6 /* NetworkService.swift in Sources */ = {isa = PBXBuildFile; fileRef = 8BB8DC482524C5F2000141B6 /* NetworkService.swift */; };
		8BB8DC4C2524CB5D000141B6 /* UserResponse.swift in Sources */ = {isa = PBXBuildFile; fileRef = 8BB8DC4B2524CB5D000141B6 /* UserResponse.swift */; };
		A713F07F95B8E52CE8FFFB70 /* Pods_DummyApp.framework in Frameworks */ = {isa = PBXBuildFile; fileRef = 9D258A7642E0BCD0E9B3771C /* Pods_DummyApp.framework */; };
/* End PBXBuildFile section */

/* Begin PBXFileReference section */
		0EE2E87C9A84ED2470C03F22 /* Pods-DummyApp.release.xcconfig */ = {isa = PBXFileReference; includeInIndex = 1; lastKnownFileType = text.xcconfig; name = "Pods-DummyApp.release.xcconfig"; path = "Target Support Files/Pods-DummyApp/Pods-DummyApp.release.xcconfig"; sourceTree = "<group>"; };
		8B27739F2524BACF00EE09F7 /* DummyApp.app */ = {isa = PBXFileReference; explicitFileType = wrapper.application; includeInIndex = 0; path = DummyApp.app; sourceTree = BUILT_PRODUCTS_DIR; };
		8B2773A22524BACF00EE09F7 /* AppDelegate.swift */ = {isa = PBXFileReference; lastKnownFileType = sourcecode.swift; path = AppDelegate.swift; sourceTree = "<group>"; };
		8B2773A42524BACF00EE09F7 /* SceneDelegate.swift */ = {isa = PBXFileReference; lastKnownFileType = sourcecode.swift; path = SceneDelegate.swift; sourceTree = "<group>"; };
		8B2773A62524BACF00EE09F7 /* ViewController.swift */ = {isa = PBXFileReference; lastKnownFileType = sourcecode.swift; path = ViewController.swift; sourceTree = "<group>"; };
		8B2773A92524BACF00EE09F7 /* Base */ = {isa = PBXFileReference; lastKnownFileType = file.storyboard; name = Base; path = Base.lproj/Main.storyboard; sourceTree = "<group>"; };
		8B2773AB2524BAD100EE09F7 /* Assets.xcassets */ = {isa = PBXFileReference; lastKnownFileType = folder.assetcatalog; path = Assets.xcassets; sourceTree = "<group>"; };
		8B2773AE2524BAD100EE09F7 /* Base */ = {isa = PBXFileReference; lastKnownFileType = file.storyboard; name = Base; path = Base.lproj/LaunchScreen.storyboard; sourceTree = "<group>"; };
		8B2773B02524BAD100EE09F7 /* Info.plist */ = {isa = PBXFileReference; lastKnownFileType = text.plist.xml; path = Info.plist; sourceTree = "<group>"; };
		8BA33C222524BF320015D112 /* UserRouter.swift */ = {isa = PBXFileReference; lastKnownFileType = sourcecode.swift; path = UserRouter.swift; sourceTree = "<group>"; };
		8BB8DC482524C5F2000141B6 /* NetworkService.swift */ = {isa = PBXFileReference; lastKnownFileType = sourcecode.swift; path = NetworkService.swift; sourceTree = "<group>"; };
		8BB8DC4B2524CB5D000141B6 /* UserResponse.swift */ = {isa = PBXFileReference; lastKnownFileType = sourcecode.swift; path = UserResponse.swift; sourceTree = "<group>"; };
		9D258A7642E0BCD0E9B3771C /* Pods_DummyApp.framework */ = {isa = PBXFileReference; explicitFileType = wrapper.framework; includeInIndex = 0; path = Pods_DummyApp.framework; sourceTree = BUILT_PRODUCTS_DIR; };
		AC5E12E3863691F89EA59FE4 /* Pods-DummyApp.debug.xcconfig */ = {isa = PBXFileReference; includeInIndex = 1; lastKnownFileType = text.xcconfig; name = "Pods-DummyApp.debug.xcconfig"; path = "Target Support Files/Pods-DummyApp/Pods-DummyApp.debug.xcconfig"; sourceTree = "<group>"; };
/* End PBXFileReference section */

/* Begin PBXFrameworksBuildPhase section */
		8B27739C2524BACF00EE09F7 /* Frameworks */ = {
			isa = PBXFrameworksBuildPhase;
			buildActionMask = 2147483647;
			files = (
				A713F07F95B8E52CE8FFFB70 /* Pods_DummyApp.framework in Frameworks */,
			);
			runOnlyForDeploymentPostprocessing = 0;
		};
/* End PBXFrameworksBuildPhase section */

/* Begin PBXGroup section */
		8B2773962524BACF00EE09F7 = {
			isa = PBXGroup;
			children = (
				8B2773A12524BACF00EE09F7 /* DummyApp */,
				8B2773A02524BACF00EE09F7 /* Products */,
				CE443FC8AB78B7A0CAAC08ED /* Pods */,
				939AB81D455B8A6B1404160A /* Frameworks */,
			);
			sourceTree = "<group>";
		};
		8B2773A02524BACF00EE09F7 /* Products */ = {
			isa = PBXGroup;
			children = (
				8B27739F2524BACF00EE09F7 /* DummyApp.app */,
			);
			name = Products;
			sourceTree = "<group>";
		};
		8B2773A12524BACF00EE09F7 /* DummyApp */ = {
			isa = PBXGroup;
			children = (
				8B2773A22524BACF00EE09F7 /* AppDelegate.swift */,
				8B2773A42524BACF00EE09F7 /* SceneDelegate.swift */,
				8B2773A62524BACF00EE09F7 /* ViewController.swift */,
				8B2773A82524BACF00EE09F7 /* Main.storyboard */,
				8B2773AB2524BAD100EE09F7 /* Assets.xcassets */,
				8B2773AD2524BAD100EE09F7 /* LaunchScreen.storyboard */,
				8B2773B02524BAD100EE09F7 /* Info.plist */,
				8BA33C222524BF320015D112 /* UserRouter.swift */,
				8BB8DC482524C5F2000141B6 /* NetworkService.swift */,
				8BB8DC4A2524CB3D000141B6 /* Model */,
			);
			path = DummyApp;
			sourceTree = "<group>";
		};
		8BB8DC4A2524CB3D000141B6 /* Model */ = {
			isa = PBXGroup;
			children = (
				8BB8DC4B2524CB5D000141B6 /* UserResponse.swift */,
			);
			path = Model;
			sourceTree = "<group>";
		};
		939AB81D455B8A6B1404160A /* Frameworks */ = {
			isa = PBXGroup;
			children = (
				9D258A7642E0BCD0E9B3771C /* Pods_DummyApp.framework */,
			);
			name = Frameworks;
			sourceTree = "<group>";
		};
		CE443FC8AB78B7A0CAAC08ED /* Pods */ = {
			isa = PBXGroup;
			children = (
				AC5E12E3863691F89EA59FE4 /* Pods-DummyApp.debug.xcconfig */,
				0EE2E87C9A84ED2470C03F22 /* Pods-DummyApp.release.xcconfig */,
			);
			path = Pods;
			sourceTree = "<group>";
		};
/* End PBXGroup section */

/* Begin PBXNativeTarget section */
		8B27739E2524BACF00EE09F7 /* DummyApp */ = {
			isa = PBXNativeTarget;
			buildConfigurationList = 8B2773B32524BAD100EE09F7 /* Build configuration list for PBXNativeTarget "DummyApp" */;
			buildPhases = (
				999D55C5BE1489E1ECEEA384 /* [CP] Check Pods Manifest.lock */,
				8B27739B2524BACF00EE09F7 /* Sources */,
				8B27739C2524BACF00EE09F7 /* Frameworks */,
				8B27739D2524BACF00EE09F7 /* Resources */,
				9F181A92BFBCC99AE4EB6614 /* [CP] Embed Pods Frameworks */,
			);
			buildRules = (
			);
			dependencies = (
			);
			name = DummyApp;
			productName = DummyApp;
			productReference = 8B27739F2524BACF00EE09F7 /* DummyApp.app */;
			productType = "com.apple.product-type.application";
		};
/* End PBXNativeTarget section */

/* Begin PBXProject section */
		8B2773972524BACF00EE09F7 /* Project object */ = {
			isa = PBXProject;
			attributes = {
				LastSwiftUpdateCheck = 1170;
				LastUpgradeCheck = 1170;
				ORGANIZATIONNAME = "Anton Martsenyuk";
				TargetAttributes = {
					8B27739E2524BACF00EE09F7 = {
						CreatedOnToolsVersion = 11.7;
					};
				};
			};
			buildConfigurationList = 8B27739A2524BACF00EE09F7 /* Build configuration list for PBXProject "DummyApp" */;
			compatibilityVersion = "Xcode 9.3";
			developmentRegion = en;
			hasScannedForEncodings = 0;
			knownRegions = (
				en,
				Base,
			);
			mainGroup = 8B2773962524BACF00EE09F7;
			productRefGroup = 8B2773A02524BACF00EE09F7 /* Products */;
			projectDirPath = "";
			projectRoot = "";
			targets = (
				8B27739E2524BACF00EE09F7 /* DummyApp */,
			);
		};
/* End PBXProject section */

/* Begin PBXResourcesBuildPhase section */
		8B27739D2524BACF00EE09F7 /* Resources */ = {
			isa = PBXResourcesBuildPhase;
			buildActionMask = 2147483647;
			files = (
				8B2773AF2524BAD100EE09F7 /* LaunchScreen.storyboard in Resources */,
				8B2773AC2524BAD100EE09F7 /* Assets.xcassets in Resources */,
				8B2773AA2524BACF00EE09F7 /* Main.storyboard in Resources */,
			);
			runOnlyForDeploymentPostprocessing = 0;
		};
/* End PBXResourcesBuildPhase section */

/* Begin PBXShellScriptBuildPhase section */
		999D55C5BE1489E1ECEEA384 /* [CP] Check Pods Manifest.lock */ = {
			isa = PBXShellScriptBuildPhase;
			buildActionMask = 2147483647;
			files = (
			);
			inputFileListPaths = (
			);
			inputPaths = (
				"${PODS_PODFILE_DIR_PATH}/Podfile.lock",
				"${PODS_ROOT}/Manifest.lock",
			);
			name = "[CP] Check Pods Manifest.lock";
			outputFileListPaths = (
			);
			outputPaths = (
				"$(DERIVED_FILE_DIR)/Pods-DummyApp-checkManifestLockResult.txt",
			);
			runOnlyForDeploymentPostprocessing = 0;
			shellPath = /bin/sh;
			shellScript = "diff \"${PODS_PODFILE_DIR_PATH}/Podfile.lock\" \"${PODS_ROOT}/Manifest.lock\" > /dev/null\nif [ $? != 0 ] ; then\n    # print error to STDERR\n    echo \"error: The sandbox is not in sync with the Podfile.lock. Run 'pod install' or update your CocoaPods installation.\" >&2\n    exit 1\nfi\n# This output is used by Xcode 'outputs' to avoid re-running this script phase.\necho \"SUCCESS\" > \"${SCRIPT_OUTPUT_FILE_0}\"\n";
			showEnvVarsInLog = 0;
		};
		9F181A92BFBCC99AE4EB6614 /* [CP] Embed Pods Frameworks */ = {
			isa = PBXShellScriptBuildPhase;
			buildActionMask = 2147483647;
			files = (
			);
			inputFileListPaths = (
				"${PODS_ROOT}/Target Support Files/Pods-DummyApp/Pods-DummyApp-frameworks-${CONFIGURATION}-input-files.xcfilelist",
			);
			name = "[CP] Embed Pods Frameworks";
			outputFileListPaths = (
				"${PODS_ROOT}/Target Support Files/Pods-DummyApp/Pods-DummyApp-frameworks-${CONFIGURATION}-output-files.xcfilelist",
			);
			runOnlyForDeploymentPostprocessing = 0;
			shellPath = /bin/sh;
			shellScript = "\"${PODS_ROOT}/Target Support Files/Pods-DummyApp/Pods-DummyApp-frameworks.sh\"\n";
			showEnvVarsInLog = 0;
		};
/* End PBXShellScriptBuildPhase section */

/* Begin PBXSourcesBuildPhase section */
		8B27739B2524BACF00EE09F7 /* Sources */ = {
			isa = PBXSourcesBuildPhase;
			buildActionMask = 2147483647;
			files = (
				8BB8DC492524C5F2000141B6 /* NetworkService.swift in Sources */,
				8B2773A72524BACF00EE09F7 /* ViewController.swift in Sources */,
				8BA33C232524BF320015D112 /* UserRouter.swift in Sources */,
				8B2773A32524BACF00EE09F7 /* AppDelegate.swift in Sources */,
				8B2773A52524BACF00EE09F7 /* SceneDelegate.swift in Sources */,
				8BB8DC4C2524CB5D000141B6 /* UserResponse.swift in Sources */,
			);
			runOnlyForDeploymentPostprocessing = 0;
		};
/* End PBXSourcesBuildPhase section */

/* Begin PBXVariantGroup section */
		8B2773A82524BACF00EE09F7 /* Main.storyboard */ = {
			isa = PBXVariantGroup;
			children = (
				8B2773A92524BACF00EE09F7 /* Base */,
			);
			name = Main.storyboard;
			sourceTree = "<group>";
		};
		8B2773AD2524BAD100EE09F7 /* LaunchScreen.storyboard */ = {
			isa = PBXVariantGroup;
			children = (
				8B2773AE2524BAD100EE09F7 /* Base */,
			);
			name = LaunchScreen.storyboard;
			sourceTree = "<group>";
		};
/* End PBXVariantGroup section */

/* Begin XCBuildConfiguration section */
		8B2773B12524BAD100EE09F7 /* Debug */ = {
			isa = XCBuildConfiguration;
			buildSettings = {
				ALWAYS_SEARCH_USER_PATHS = NO;
				CLANG_ANALYZER_NONNULL = YES;
				CLANG_ANALYZER_NUMBER_OBJECT_CONVERSION = YES_AGGRESSIVE;
				CLANG_CXX_LANGUAGE_STANDARD = "gnu++14";
				CLANG_CXX_LIBRARY = "libc++";
				CLANG_ENABLE_MODULES = YES;
				CLANG_ENABLE_OBJC_ARC = YES;
				CLANG_ENABLE_OBJC_WEAK = YES;
				CLANG_WARN_BLOCK_CAPTURE_AUTORELEASING = YES;
				CLANG_WARN_BOOL_CONVERSION = YES;
				CLANG_WARN_COMMA = YES;
				CLANG_WARN_CONSTANT_CONVERSION = YES;
				CLANG_WARN_DEPRECATED_OBJC_IMPLEMENTATIONS = YES;
				CLANG_WARN_DIRECT_OBJC_ISA_USAGE = YES_ERROR;
				CLANG_WARN_DOCUMENTATION_COMMENTS = YES;
				CLANG_WARN_EMPTY_BODY = YES;
				CLANG_WARN_ENUM_CONVERSION = YES;
				CLANG_WARN_INFINITE_RECURSION = YES;
				CLANG_WARN_INT_CONVERSION = YES;
				CLANG_WARN_NON_LITERAL_NULL_CONVERSION = YES;
				CLANG_WARN_OBJC_IMPLICIT_RETAIN_SELF = YES;
				CLANG_WARN_OBJC_LITERAL_CONVERSION = YES;
				CLANG_WARN_OBJC_ROOT_CLASS = YES_ERROR;
				CLANG_WARN_RANGE_LOOP_ANALYSIS = YES;
				CLANG_WARN_STRICT_PROTOTYPES = YES;
				CLANG_WARN_SUSPICIOUS_MOVE = YES;
				CLANG_WARN_UNGUARDED_AVAILABILITY = YES_AGGRESSIVE;
				CLANG_WARN_UNREACHABLE_CODE = YES;
				CLANG_WARN__DUPLICATE_METHOD_MATCH = YES;
				COPY_PHASE_STRIP = NO;
				DEBUG_INFORMATION_FORMAT = dwarf;
				ENABLE_STRICT_OBJC_MSGSEND = YES;
				ENABLE_TESTABILITY = YES;
				GCC_C_LANGUAGE_STANDARD = gnu11;
				GCC_DYNAMIC_NO_PIC = NO;
				GCC_NO_COMMON_BLOCKS = YES;
				GCC_OPTIMIZATION_LEVEL = 0;
				GCC_PREPROCESSOR_DEFINITIONS = (
					"DEBUG=1",
					"$(inherited)",
				);
				GCC_WARN_64_TO_32_BIT_CONVERSION = YES;
				GCC_WARN_ABOUT_RETURN_TYPE = YES_ERROR;
				GCC_WARN_UNDECLARED_SELECTOR = YES;
				GCC_WARN_UNINITIALIZED_AUTOS = YES_AGGRESSIVE;
				GCC_WARN_UNUSED_FUNCTION = YES;
				GCC_WARN_UNUSED_VARIABLE = YES;
				IPHONEOS_DEPLOYMENT_TARGET = 13.7;
				MTL_ENABLE_DEBUG_INFO = INCLUDE_SOURCE;
				MTL_FAST_MATH = YES;
				ONLY_ACTIVE_ARCH = YES;
				SDKROOT = iphoneos;
				SWIFT_ACTIVE_COMPILATION_CONDITIONS = DEBUG;
				SWIFT_OPTIMIZATION_LEVEL = "-Onone";
			};
			name = Debug;
		};
		8B2773B22524BAD100EE09F7 /* Release */ = {
			isa = XCBuildConfiguration;
			buildSettings = {
				ALWAYS_SEARCH_USER_PATHS = NO;
				CLANG_ANALYZER_NONNULL = YES;
				CLANG_ANALYZER_NUMBER_OBJECT_CONVERSION = YES_AGGRESSIVE;
				CLANG_CXX_LANGUAGE_STANDARD = "gnu++14";
				CLANG_CXX_LIBRARY = "libc++";
				CLANG_ENABLE_MODULES = YES;
				CLANG_ENABLE_OBJC_ARC = YES;
				CLANG_ENABLE_OBJC_WEAK = YES;
				CLANG_WARN_BLOCK_CAPTURE_AUTORELEASING = YES;
				CLANG_WARN_BOOL_CONVERSION = YES;
				CLANG_WARN_COMMA = YES;
				CLANG_WARN_CONSTANT_CONVERSION = YES;
				CLANG_WARN_DEPRECATED_OBJC_IMPLEMENTATIONS = YES;
				CLANG_WARN_DIRECT_OBJC_ISA_USAGE = YES_ERROR;
				CLANG_WARN_DOCUMENTATION_COMMENTS = YES;
				CLANG_WARN_EMPTY_BODY = YES;
				CLANG_WARN_ENUM_CONVERSION = YES;
				CLANG_WARN_INFINITE_RECURSION = YES;
				CLANG_WARN_INT_CONVERSION = YES;
				CLANG_WARN_NON_LITERAL_NULL_CONVERSION = YES;
				CLANG_WARN_OBJC_IMPLICIT_RETAIN_SELF = YES;
				CLANG_WARN_OBJC_LITERAL_CONVERSION = YES;
				CLANG_WARN_OBJC_ROOT_CLASS = YES_ERROR;
				CLANG_WARN_RANGE_LOOP_ANALYSIS = YES;
				CLANG_WARN_STRICT_PROTOTYPES = YES;
				CLANG_WARN_SUSPICIOUS_MOVE = YES;
				CLANG_WARN_UNGUARDED_AVAILABILITY = YES_AGGRESSIVE;
				CLANG_WARN_UNREACHABLE_CODE = YES;
				CLANG_WARN__DUPLICATE_METHOD_MATCH = YES;
				COPY_PHASE_STRIP = NO;
				DEBUG_INFORMATION_FORMAT = "dwarf-with-dsym";
				ENABLE_NS_ASSERTIONS = NO;
				ENABLE_STRICT_OBJC_MSGSEND = YES;
				GCC_C_LANGUAGE_STANDARD = gnu11;
				GCC_NO_COMMON_BLOCKS = YES;
				GCC_WARN_64_TO_32_BIT_CONVERSION = YES;
				GCC_WARN_ABOUT_RETURN_TYPE = YES_ERROR;
				GCC_WARN_UNDECLARED_SELECTOR = YES;
				GCC_WARN_UNINITIALIZED_AUTOS = YES_AGGRESSIVE;
				GCC_WARN_UNUSED_FUNCTION = YES;
				GCC_WARN_UNUSED_VARIABLE = YES;
				IPHONEOS_DEPLOYMENT_TARGET = 13.7;
				MTL_ENABLE_DEBUG_INFO = NO;
				MTL_FAST_MATH = YES;
				SDKROOT = iphoneos;
				SWIFT_COMPILATION_MODE = wholemodule;
				SWIFT_OPTIMIZATION_LEVEL = "-O";
				VALIDATE_PRODUCT = YES;
			};
			name = Release;
		};
		8B2773B42524BAD100EE09F7 /* Debug */ = {
			isa = XCBuildConfiguration;
			baseConfigurationReference = AC5E12E3863691F89EA59FE4 /* Pods-DummyApp.debug.xcconfig */;
			buildSettings = {
				ASSETCATALOG_COMPILER_APPICON_NAME = AppIcon;
				CODE_SIGN_STYLE = Automatic;
				DEVELOPMENT_TEAM = 6D949P8WX8;
				INFOPLIST_FILE = DummyApp/Info.plist;
				LD_RUNPATH_SEARCH_PATHS = (
					"$(inherited)",
					"@executable_path/Frameworks",
				);
				PRODUCT_BUNDLE_IDENTIFIER = Identifier.dummyApp.com.DummyApp;
				PRODUCT_NAME = "$(TARGET_NAME)";
				SWIFT_VERSION = 5.0;
				TARGETED_DEVICE_FAMILY = "1,2";
			};
			name = Debug;
		};
		8B2773B52524BAD100EE09F7 /* Release */ = {
			isa = XCBuildConfiguration;
			baseConfigurationReference = 0EE2E87C9A84ED2470C03F22 /* Pods-DummyApp.release.xcconfig */;
			buildSettings = {
				ASSETCATALOG_COMPILER_APPICON_NAME = AppIcon;
				CODE_SIGN_STYLE = Automatic;
				DEVELOPMENT_TEAM = 6D949P8WX8;
				INFOPLIST_FILE = DummyApp/Info.plist;
				LD_RUNPATH_SEARCH_PATHS = (
					"$(inherited)",
					"@executable_path/Frameworks",
				);
				PRODUCT_BUNDLE_IDENTIFIER = Identifier.dummyApp.com.DummyApp;
				PRODUCT_NAME = "$(TARGET_NAME)";
				SWIFT_VERSION = 5.0;
				TARGETED_DEVICE_FAMILY = "1,2";
			};
			name = Release;
		};
/* End XCBuildConfiguration section */

/* Begin XCConfigurationList section */
		8B27739A2524BACF00EE09F7 /* Build configuration list for PBXProject "DummyApp" */ = {
			isa = XCConfigurationList;
			buildConfigurations = (
				8B2773B12524BAD100EE09F7 /* Debug */,
				8B2773B22524BAD100EE09F7 /* Release */,
			);
			defaultConfigurationIsVisible = 0;
			defaultConfigurationName = Release;
		};
		8B2773B32524BAD100EE09F7 /* Build configuration list for PBXNativeTarget "DummyApp" */ = {
			isa = XCConfigurationList;
			buildConfigurations = (
				8B2773B42524BAD100EE09F7 /* Debug */,
				8B2773B52524BAD100EE09F7 /* Release */,
			);
			defaultConfigurationIsVisible = 0;
			defaultConfigurationName = Release;
		};
/* End XCConfigurationList section */
	};
	rootObject = 8B2773972524BACF00EE09F7 /* Project object */;
}
